
Microsoft Visual Studio Solution File, Format Version 12.00
# Visual Studio 15
VisualStudioVersion = 15.0.27428.2002
MinimumVisualStudioVersion = 10.0.40219.1
Project("{FAE04EC0-301F-11D3-BF4B-00C04F79EFBC}") = "Proyecto Logica", "Proyecto Logica\Proyecto Logica.csproj", "{F52C14A7-EE5C-44F1-9454-4FA1A4703B32}"
EndProject
Global
	GlobalSection(SolutionConfigurationPlatforms) = preSolution
		Debug|Any CPU = Debug|Any CPU
		Release|Any CPU = Release|Any CPU
	EndGlobalSection
	GlobalSection(ProjectConfigurationPlatforms) = postSolution
		{F52C14A7-EE5C-44F1-9454-4FA1A4703B32}.Debug|Any CPU.ActiveCfg = Debug|Any CPU
		{F52C14A7-EE5C-44F1-9454-4FA1A4703B32}.Debug|Any CPU.Build.0 = Debug|Any CPU
		{F52C14A7-EE5C-44F1-9454-4FA1A4703B32}.Release|Any CPU.ActiveCfg = Release|Any CPU
		{F52C14A7-EE5C-44F1-9454-4FA1A4703B32}.Release|Any CPU.Build.0 = Release|Any CPU
	EndGlobalSection
	GlobalSection(SolutionProperties) = preSolution
		HideSolutionNode = FALSE
	EndGlobalSection
	GlobalSection(ExtensibilityGlobals) = postSolution
		SolutionGuid = {6BC04A6E-E6CD-429D-A7D2-1E69E8CDFE6A}
	EndGlobalSection
EndGlobal
